<?xml version="1.0" encoding="utf-8"?>
<Project ToolsVersion="4.0" xmlns="http://schemas.microsoft.com/developer/msbuild/2003">
  <ItemGroup>
    <Filter Include="源文件">
      <UniqueIdentifier>{4FC737F1-C7A5-4376-A066-2A32D752A2FF}</UniqueIdentifier>
      <Extensions>cpp;c;cc;cxx;def;odl;idl;hpj;bat;asm;asmx</Extensions>
    </Filter>
    <Filter Include="头文件">
      <UniqueIdentifier>{93995380-89BD-4b04-88EB-625FBE52EBFB}</UniqueIdentifier>
      <Extensions>h;hh;hpp;hxx;hm;inl;inc;xsd</Extensions>
    </Filter>
    <Filter Include="资源文件">
      <UniqueIdentifier>{67DA6AB6-F800-4c08-8B7A-83BB121AAD01}</UniqueIdentifier>
      <Extensions>rc;ico;cur;bmp;dlg;rc2;rct;bin;rgs;gif;jpg;jpeg;jpe;resx;tiff;tif;png;wav;mfcribbon-ms</Extensions>
    </Filter>
    <Filter Include="Entity">
      <UniqueIdentifier>{d3525c92-9284-4577-afa0-9628a30fb368}</UniqueIdentifier>
    </Filter>
    <Filter Include="GameTool">
      <UniqueIdentifier>{62222f63-5c45-4f88-b62f-0330825ad698}</UniqueIdentifier>
    </Filter>
  </ItemGroup>
  <ItemGroup>
    <ClCompile Include="Entity\Entity.cpp">
      <Filter>Entity</Filter>
    </ClCompile>
    <ClCompile Include="Entity\EntityComponent.cpp">
      <Filter>Entity</Filter>
    </ClCompile>
    <ClCompile Include="Entity\EntityConfigData.cpp">
      <Filter>Entity</Filter>
    </ClCompile>
    <ClCompile Include="Entity\EntityMrg.cpp">
      <Filter>Entity</Filter>
    </ClCompile>
    <ClCompile Include="Entity\EventDispatch.cpp">
      <Filter>Entity</Filter>
    </ClCompile>
    <ClCompile Include="Entity\EventFunctor.cpp">
      <Filter>Entity</Filter>
    </ClCompile>
    <ClCompile Include="Entity\ExtraPropertyMap.cpp">
      <Filter>Entity</Filter>
    </ClCompile>
    <ClCompile Include="Entity\GameLog.cpp">
      <Filter>Entity</Filter>
    </ClCompile>
    <ClCompile Include="Entity\IOUtil.cpp">
      <Filter>Entity</Filter>
    </ClCompile>
    <ClCompile Include="Entity\Property.cpp">
      <Filter>Entity</Filter>
    </ClCompile>
    <ClCompile Include="Entity\PropertyDesc.cpp">
      <Filter>Entity</Filter>
    </ClCompile>
    <ClCompile Include="Entity\StringUtil.cpp">
      <Filter>Entity</Filter>
    </ClCompile>
    <ClCompile Include="Entity\TypeConvert.cpp">
      <Filter>Entity</Filter>
    </ClCompile>
    <ClCompile Include="Entity\Var.cpp">
      <Filter>Entity</Filter>
    </ClCompile>
    <ClCompile Include="Entity\XmlWrapper.cpp">
      <Filter>Entity</Filter>
    </ClCompile>
    <ClCompile Include="GameTool\comUTF.cpp">
      <Filter>GameTool</Filter>
    </ClCompile>
    <ClCompile Include="GameTool\GameStream.cpp">
      <Filter>GameTool</Filter>
    </ClCompile>
    <ClCompile Include="GameTool\ustring.cpp">
      <Filter>GameTool</Filter>
    </ClCompile>
    <ClCompile Include="Entity\tinyxml3.cpp">
      <Filter>Entity</Filter>
    </ClCompile>
  </ItemGroup>
  <ItemGroup>
    <ClInclude Include="Entity\Entity.h">
      <Filter>Entity</Filter>
    </ClInclude>
    <ClInclude Include="Entity\EntityComponent.h">
      <Filter>Entity</Filter>
    </ClInclude>
    <ClInclude Include="Entity\EntityComponentEnum.h">
      <Filter>Entity</Filter>
    </ClInclude>
    <ClInclude Include="Entity\EntityConfig.h">
      <Filter>Entity</Filter>
    </ClInclude>
    <ClInclude Include="Entity\EntityConfigData.h">
      <Filter>Entity</Filter>
    </ClInclude>
    <ClInclude Include="Entity\EntityMrg.h">
      <Filter>Entity</Filter>
    </ClInclude>
    <ClInclude Include="Entity\EventDispatch.h">
      <Filter>Entity</Filter>
    </ClInclude>
    <ClInclude Include="Entity\EventFunctor.h">
      <Filter>Entity</Filter>
    </ClInclude>
    <ClInclude Include="Entity\ExtraPropertyMap.h">
      <Filter>Entity</Filter>
    </ClInclude>
    <ClInclude Include="Entity\GameEvent.h">
      <Filter>Entity</Filter>
    </ClInclude>
    <ClInclude Include="Entity\GameLog.h">
      <Filter>Entity</Filter>
    </ClInclude>
    <ClInclude Include="Entity\IOUtil.h">
      <Filter>Entity</Filter>
    </ClInclude>
    <ClInclude Include="Entity\Property.h">
      <Filter>Entity</Filter>
    </ClInclude>
    <ClInclude Include="Entity\PropertyDesc.h">
      <Filter>Entity</Filter>
    </ClInclude>
    <ClInclude Include="Entity\SafeTraverseSet.h">
      <Filter>Entity</Filter>
    </ClInclude>
    <ClInclude Include="Entity\StringUtil.h">
      <Filter>Entity</Filter>
    </ClInclude>
    <ClInclude Include="Entity\Timer.h">
      <Filter>Entity</Filter>
    </ClInclude>
    <ClInclude Include="Entity\TypeConvert.h">
      <Filter>Entity</Filter>
    </ClInclude>
    <ClInclude Include="Entity\Var.h">
      <Filter>Entity</Filter>
    </ClInclude>
    <ClInclude Include="Entity\VarConfig.h">
      <Filter>Entity</Filter>
    </ClInclude>
    <ClInclude Include="Entity\XmlWrapper.h">
      <Filter>Entity</Filter>
    </ClInclude>
    <ClInclude Include="GameTool\comUTF.h">
      <Filter>GameTool</Filter>
    </ClInclude>
    <ClInclude Include="GameTool\GameHeadConfig.h">
      <Filter>GameTool</Filter>
    </ClInclude>
    <ClInclude Include="GameTool\GamePlatform.h">
      <Filter>GameTool</Filter>
    </ClInclude>
    <ClInclude Include="GameTool\GameStream.h">
      <Filter>GameTool</Filter>
    </ClInclude>
    <ClInclude Include="GameTool\ustring.h">
      <Filter>GameTool</Filter>
    </ClInclude>
    <ClInclude Include="GameTool\UTF8toUnicode.h">
      <Filter>GameTool</Filter>
    </ClInclude>
    <ClInclude Include="Entity\tinyxml3.h">
      <Filter>Entity</Filter>
    </ClInclude>
  </ItemGroup>
</Project>